// !$*UTF8*$!
{
	archiveVersion = 1;
	classes = {
	};
	objectVersion = 46;
	objects = {

/* Begin PBXBuildFile section */
		4D1489501A23B1780031B8D3 /* Century Gothic in Resources */ = {isa = PBXBuildFile; fileRef = 4D14894F1A23B1780031B8D3 /* Century Gothic */; };
		4D49E3351A278FBC004B709D /* TinderStyleViewController.m in Sources */ = {isa = PBXBuildFile; fileRef = 4D49E3341A278FBC004B709D /* TinderStyleViewController.m */; };
		4D49E33D1A27A3B9004B709D /* bar@2x.png in Resources */ = {isa = PBXBuildFile; fileRef = 4D49E33C1A27A3B9004B709D /* bar@2x.png */; };
		4D49E3461A27AA18004B709D /* DraggableView.m in Sources */ = {isa = PBXBuildFile; fileRef = 4D49E3451A27AA18004B709D /* DraggableView.m */; };
		4D81AFCB1A11ED4B005A8BCB /* RecommendationViewController.m in Sources */ = {isa = PBXBuildFile; fileRef = 4D81AFCA1A11ED4B005A8BCB /* RecommendationViewController.m */; };
		4D941B7519FC35F2007FCB72 /* main.m in Sources */ = {isa = PBXBuildFile; fileRef = 4D941B7419FC35F2007FCB72 /* main.m */; };
		4D941B7819FC35F2007FCB72 /* AppDelegate.m in Sources */ = {isa = PBXBuildFile; fileRef = 4D941B7719FC35F2007FCB72 /* AppDelegate.m */; };
		4D941B8119FC35F2007FCB72 /* Main.storyboard in Resources */ = {isa = PBXBuildFile; fileRef = 4D941B7F19FC35F2007FCB72 /* Main.storyboard */; };
		4D941B8619FC35F2007FCB72 /* LaunchScreen.xib in Resources */ = {isa = PBXBuildFile; fileRef = 4D941B8419FC35F2007FCB72 /* LaunchScreen.xib */; };
		4D941B9219FC35F2007FCB72 /* PhillipFashionProjectTests.m in Sources */ = {isa = PBXBuildFile; fileRef = 4D941B9119FC35F2007FCB72 /* PhillipFashionProjectTests.m */; };
		4D941BA019FC3663007FCB72 /* ShoppingViewController.m in Sources */ = {isa = PBXBuildFile; fileRef = 4D941B9F19FC3663007FCB72 /* ShoppingViewController.m */; };
		4D941F4619FC4668007FCB72 /* drop_down@2x.png in Resources */ = {isa = PBXBuildFile; fileRef = 4D941F3F19FC4668007FCB72 /* drop_down@2x.png */; };
		4D941F4719FC4668007FCB72 /* DropDownListView.m in Sources */ = {isa = PBXBuildFile; fileRef = 4D941F4119FC4668007FCB72 /* DropDownListView.m */; };
		4D941F4819FC4668007FCB72 /* DropDownViewCell.m in Sources */ = {isa = PBXBuildFile; fileRef = 4D941F4319FC4668007FCB72 /* DropDownViewCell.m */; };
		4D94263F19FC6535007FCB72 /* ShowItemViewController.m in Sources */ = {isa = PBXBuildFile; fileRef = 4D94263D19FC6535007FCB72 /* ShowItemViewController.m */; };
		4D94264019FC6535007FCB72 /* ShowItemViewController.xib in Resources */ = {isa = PBXBuildFile; fileRef = 4D94263E19FC6535007FCB72 /* ShowItemViewController.xib */; };
		4D942DD819FC7DE6007FCB72 /* Bolts.framework in Frameworks */ = {isa = PBXBuildFile; fileRef = 4D942DA819FC7DE6007FCB72 /* Bolts.framework */; };
		4D942DD919FC7DE6007FCB72 /* FacebookSDK.framework in Frameworks */ = {isa = PBXBuildFile; fileRef = 4D942DA919FC7DE6007FCB72 /* FacebookSDK.framework */; };
		4D942DFC19FC7EA3007FCB72 /* LoginViewController.m in Sources */ = {isa = PBXBuildFile; fileRef = 4D942DFB19FC7EA3007FCB72 /* LoginViewController.m */; };
		4D942DFF19FC7EB4007FCB72 /* ServerRequest.m in Sources */ = {isa = PBXBuildFile; fileRef = 4D942DFE19FC7EB4007FCB72 /* ServerRequest.m */; };
		4D942E0419FC7EBF007FCB72 /* User.m in Sources */ = {isa = PBXBuildFile; fileRef = 4D942E0119FC7EBF007FCB72 /* User.m */; };
		4D942E0519FC7EBF007FCB72 /* CurrentUser.m in Sources */ = {isa = PBXBuildFile; fileRef = 4D942E0319FC7EBF007FCB72 /* CurrentUser.m */; };
		4D942E0A19FC8247007FCB72 /* ProfileViewController.m in Sources */ = {isa = PBXBuildFile; fileRef = 4D942E0919FC8247007FCB72 /* ProfileViewController.m */; };
		4D942E0D19FC95BC007FCB72 /* PhillipFashionProject.xcdatamodeld in Sources */ = {isa = PBXBuildFile; fileRef = 4D942E0B19FC95BC007FCB72 /* PhillipFashionProject.xcdatamodeld */; };
		4D942E1019FC9625007FCB72 /* CoreDataUser.m in Sources */ = {isa = PBXBuildFile; fileRef = 4D942E0F19FC9625007FCB72 /* CoreDataUser.m */; };
		4D942E1319FCAEAF007FCB72 /* CoreDataSingleton.m in Sources */ = {isa = PBXBuildFile; fileRef = 4D942E1219FCAEAF007FCB72 /* CoreDataSingleton.m */; };
		4D942E1719FCC33E007FCB72 /* StretchyHeaderCollectionViewLayout.m in Sources */ = {isa = PBXBuildFile; fileRef = 4D942E1619FCC33E007FCB72 /* StretchyHeaderCollectionViewLayout.m */; };
		4D943E2319FD051F007FCB72 /* libsqlite3.dylib in Frameworks */ = {isa = PBXBuildFile; fileRef = 4D943E2219FD051F007FCB72 /* libsqlite3.dylib */; };
		4D943E2519FD052E007FCB72 /* libz.dylib in Frameworks */ = {isa = PBXBuildFile; fileRef = 4D943E2419FD052E007FCB72 /* libz.dylib */; };
		4D943E2919FD0918007FCB72 /* ParseFacebookUtils.framework in Frameworks */ = {isa = PBXBuildFile; fileRef = 4D943E2719FD0918007FCB72 /* ParseFacebookUtils.framework */; };
		4D943E2B19FD092D007FCB72 /* AudioToolbox.framework in Frameworks */ = {isa = PBXBuildFile; fileRef = 4D943E2A19FD092D007FCB72 /* AudioToolbox.framework */; };
		4D943E2D19FD0933007FCB72 /* CFNetwork.framework in Frameworks */ = {isa = PBXBuildFile; fileRef = 4D943E2C19FD0933007FCB72 /* CFNetwork.framework */; };
		4D943E2F19FD093B007FCB72 /* CoreGraphics.framework in Frameworks */ = {isa = PBXBuildFile; fileRef = 4D943E2E19FD093B007FCB72 /* CoreGraphics.framework */; };
		4D943E3119FD0946007FCB72 /* CoreLocation.framework in Frameworks */ = {isa = PBXBuildFile; fileRef = 4D943E3019FD0946007FCB72 /* CoreLocation.framework */; };
		4D943E3319FD0952007FCB72 /* MobileCoreServices.framework in Frameworks */ = {isa = PBXBuildFile; fileRef = 4D943E3219FD0952007FCB72 /* MobileCoreServices.framework */; };
		4D943E3519FD0957007FCB72 /* QuartzCore.framework in Frameworks */ = {isa = PBXBuildFile; fileRef = 4D943E3419FD0957007FCB72 /* QuartzCore.framework */; };
		4D943E3719FD095D007FCB72 /* Security.framework in Frameworks */ = {isa = PBXBuildFile; fileRef = 4D943E3619FD095D007FCB72 /* Security.framework */; };
		4D943E3919FD096C007FCB72 /* StoreKit.framework in Frameworks */ = {isa = PBXBuildFile; fileRef = 4D943E3819FD096C007FCB72 /* StoreKit.framework */; };
		4D943E3B19FD0974007FCB72 /* SystemConfiguration.framework in Frameworks */ = {isa = PBXBuildFile; fileRef = 4D943E3A19FD0974007FCB72 /* SystemConfiguration.framework */; };
		4D943E3F19FD0F54007FCB72 /* UsersCollectionViewController.m in Sources */ = {isa = PBXBuildFile; fileRef = 4D943E3E19FD0F54007FCB72 /* UsersCollectionViewController.m */; };
		4D943E4119FD2494007FCB72 /* heart-empty.png in Resources */ = {isa = PBXBuildFile; fileRef = 4D943E4019FD2494007FCB72 /* heart-empty.png */; };
		4D943E4719FD2605007FCB72 /* heart-emptyb copy.png in Resources */ = {isa = PBXBuildFile; fileRef = 4D943E4619FD2605007FCB72 /* heart-emptyb copy.png */; };
		4D943E4919FD2AE3007FCB72 /* heart-fullb copy.png in Resources */ = {isa = PBXBuildFile; fileRef = 4D943E4819FD2AE3007FCB72 /* heart-fullb copy.png */; };
		4D943E4B19FD2DE5007FCB72 /* menu-grey.png in Resources */ = {isa = PBXBuildFile; fileRef = 4D943E4A19FD2DE5007FCB72 /* menu-grey.png */; };
		4D943E4D19FD30BF007FCB72 /* camera-grey.png in Resources */ = {isa = PBXBuildFile; fileRef = 4D943E4C19FD30BF007FCB72 /* camera-grey.png */; };
		4D943E5419FD7D09007FCB72 /* Caviar_Dreams_Bold.ttf in Resources */ = {isa = PBXBuildFile; fileRef = 4D943E4F19FD7D09007FCB72 /* Caviar_Dreams_Bold.ttf */; };
		4D943E5519FD7D09007FCB72 /* CaviarDreams.ttf in Resources */ = {isa = PBXBuildFile; fileRef = 4D943E5019FD7D09007FCB72 /* CaviarDreams.ttf */; };
		4D943E5619FD7D09007FCB72 /* CaviarDreams_BoldItalic.ttf in Resources */ = {isa = PBXBuildFile; fileRef = 4D943E5119FD7D09007FCB72 /* CaviarDreams_BoldItalic.ttf */; };
		4D943E5719FD7D09007FCB72 /* CaviarDreams_Italic.ttf in Resources */ = {isa = PBXBuildFile; fileRef = 4D943E5219FD7D09007FCB72 /* CaviarDreams_Italic.ttf */; };
		4D943E5819FD7D09007FCB72 /* Nymphont License.txt in Resources */ = {isa = PBXBuildFile; fileRef = 4D943E5319FD7D09007FCB72 /* Nymphont License.txt */; };
		4D943E5A19FD850D007FCB72 /* home32.png in Resources */ = {isa = PBXBuildFile; fileRef = 4D943E5919FD850D007FCB72 /* home32.png */; };
		4D943E5C19FD8529007FCB72 /* shoppingcart32.png in Resources */ = {isa = PBXBuildFile; fileRef = 4D943E5B19FD8529007FCB72 /* shoppingcart32.png */; };
		4D943E5E19FD8537007FCB72 /* users32.png in Resources */ = {isa = PBXBuildFile; fileRef = 4D943E5D19FD8537007FCB72 /* users32.png */; };
		4DA3E57A19FF0B2700BB3195 /* DropDownCell.m in Sources */ = {isa = PBXBuildFile; fileRef = 4DA3E57819FF0B2700BB3195 /* DropDownCell.m */; };
		4DA3E57B19FF0B2700BB3195 /* DropDownCell.xib in Resources */ = {isa = PBXBuildFile; fileRef = 4DA3E57919FF0B2700BB3195 /* DropDownCell.xib */; };
		4DB3E2521A0162FC00790810 /* ProfileCollectionViewController.m in Sources */ = {isa = PBXBuildFile; fileRef = 4DB3E2511A0162FC00790810 /* ProfileCollectionViewController.m */; };
		4DB3E2551A02157B00790810 /* CreateViewController.m in Sources */ = {isa = PBXBuildFile; fileRef = 4DB3E2541A02157B00790810 /* CreateViewController.m */; };
		4DB719B51A00688D00B757E5 /* FilterViewController.m in Sources */ = {isa = PBXBuildFile; fileRef = 4DB719B31A00688D00B757E5 /* FilterViewController.m */; };
		4DE9877A1A2280A900F4EF1C /* UIImage+ImageEffects.m in Sources */ = {isa = PBXBuildFile; fileRef = 4DE987711A2280A900F4EF1C /* UIImage+ImageEffects.m */; };
		4DE9877B1A2280A900F4EF1C /* SCLAlertView.m in Sources */ = {isa = PBXBuildFile; fileRef = 4DE987731A2280A900F4EF1C /* SCLAlertView.m */; };
		4DE9877C1A2280A900F4EF1C /* SCLButton.m in Sources */ = {isa = PBXBuildFile; fileRef = 4DE987751A2280A900F4EF1C /* SCLButton.m */; };
		4DE9877D1A2280A900F4EF1C /* SCLAlertViewResponder.m in Sources */ = {isa = PBXBuildFile; fileRef = 4DE987771A2280A900F4EF1C /* SCLAlertViewResponder.m */; };
		4DE9877E1A2280A900F4EF1C /* SCLAlertViewStyleKit.m in Sources */ = {isa = PBXBuildFile; fileRef = 4DE987791A2280A900F4EF1C /* SCLAlertViewStyleKit.m */; };
		4DE987811A2283BA00F4EF1C /* whiteCheckMark.png in Resources */ = {isa = PBXBuildFile; fileRef = 4DE987801A2283BA00F4EF1C /* whiteCheckMark.png */; };
		4DE987841A22D20B00F4EF1C /* Parse.framework in Frameworks */ = {isa = PBXBuildFile; fileRef = 4D943E2619FD0918007FCB72 /* Parse.framework */; };
		4DE987861A230BC600F4EF1C /* Images.xcassets in Resources */ = {isa = PBXBuildFile; fileRef = 4DE987851A230BC600F4EF1C /* Images.xcassets */; };
/* End PBXBuildFile section */

/* Begin PBXContainerItemProxy section */
		4D941B8C19FC35F2007FCB72 /* PBXContainerItemProxy */ = {
			isa = PBXContainerItemProxy;
			containerPortal = 4D941B6719FC35F2007FCB72 /* Project object */;
			proxyType = 1;
			remoteGlobalIDString = 4D941B6E19FC35F2007FCB72;
			remoteInfo = PhillipFashionProject;
		};
/* End PBXContainerItemProxy section */

/* Begin PBXFileReference section */
		4D14894F1A23B1780031B8D3 /* Century Gothic */ = {isa = PBXFileReference; fileEncoding = 4; lastKnownFileType = text; name = "Century Gothic"; path = "../Century Gothic"; sourceTree = "<group>"; };
		4D49E3331A278FBC004B709D /* TinderStyleViewController.h */ = {isa = PBXFileReference; fileEncoding = 4; lastKnownFileType = sourcecode.c.h; path = TinderStyleViewController.h; sourceTree = "<group>"; };
		4D49E3341A278FBC004B709D /* TinderStyleViewController.m */ = {isa = PBXFileReference; fileEncoding = 4; lastKnownFileType = sourcecode.c.objc; path = TinderStyleViewController.m; sourceTree = "<group>"; };
		4D49E33C1A27A3B9004B709D /* bar@2x.png */ = {isa = PBXFileReference; lastKnownFileType = image.png; path = "bar@2x.png"; sourceTree = "<group>"; };
		4D49E3441A27AA18004B709D /* DraggableView.h */ = {isa = PBXFileReference; fileEncoding = 4; lastKnownFileType = sourcecode.c.h; name = DraggableView.h; path = Bolts.framework/DraggableView.h; sourceTree = "<group>"; };
		4D49E3451A27AA18004B709D /* DraggableView.m */ = {isa = PBXFileReference; fileEncoding = 4; lastKnownFileType = sourcecode.c.objc; name = DraggableView.m; path = Bolts.framework/DraggableView.m; sourceTree = "<group>"; };
		4D81AFC91A11ED4B005A8BCB /* RecommendationViewController.h */ = {isa = PBXFileReference; fileEncoding = 4; lastKnownFileType = sourcecode.c.h; name = RecommendationViewController.h; path = ../RecommendationViewController.h; sourceTree = "<group>"; };
		4D81AFCA1A11ED4B005A8BCB /* RecommendationViewController.m */ = {isa = PBXFileReference; fileEncoding = 4; lastKnownFileType = sourcecode.c.objc; name = RecommendationViewController.m; path = ../RecommendationViewController.m; sourceTree = "<group>"; };
		4D941B6F19FC35F2007FCB72 /* Formwear.app */ = {isa = PBXFileReference; explicitFileType = wrapper.application; includeInIndex = 0; path = Formwear.app; sourceTree = BUILT_PRODUCTS_DIR; };
		4D941B7319FC35F2007FCB72 /* Info.plist */ = {isa = PBXFileReference; lastKnownFileType = text.plist.xml; path = Info.plist; sourceTree = "<group>"; };
		4D941B7419FC35F2007FCB72 /* main.m */ = {isa = PBXFileReference; lastKnownFileType = sourcecode.c.objc; path = main.m; sourceTree = "<group>"; };
		4D941B7619FC35F2007FCB72 /* AppDelegate.h */ = {isa = PBXFileReference; lastKnownFileType = sourcecode.c.h; path = AppDelegate.h; sourceTree = "<group>"; };
		4D941B7719FC35F2007FCB72 /* AppDelegate.m */ = {isa = PBXFileReference; lastKnownFileType = sourcecode.c.objc; path = AppDelegate.m; sourceTree = "<group>"; };
		4D941B8019FC35F2007FCB72 /* Base */ = {isa = PBXFileReference; lastKnownFileType = file.storyboard; name = Base; path = Base.lproj/Main.storyboard; sourceTree = "<group>"; };
		4D941B8519FC35F2007FCB72 /* Base */ = {isa = PBXFileReference; lastKnownFileType = file.xib; name = Base; path = Base.lproj/LaunchScreen.xib; sourceTree = "<group>"; };
		4D941B8B19FC35F2007FCB72 /* FormwearTests.xctest */ = {isa = PBXFileReference; explicitFileType = wrapper.cfbundle; includeInIndex = 0; path = FormwearTests.xctest; sourceTree = BUILT_PRODUCTS_DIR; };
		4D941B9019FC35F2007FCB72 /* Info.plist */ = {isa = PBXFileReference; lastKnownFileType = text.plist.xml; path = Info.plist; sourceTree = "<group>"; };
		4D941B9119FC35F2007FCB72 /* PhillipFashionProjectTests.m */ = {isa = PBXFileReference; lastKnownFileType = sourcecode.c.objc; path = PhillipFashionProjectTests.m; sourceTree = "<group>"; };
		4D941B9E19FC3663007FCB72 /* ShoppingViewController.h */ = {isa = PBXFileReference; fileEncoding = 4; lastKnownFileType = sourcecode.c.h; path = ShoppingViewController.h; sourceTree = "<group>"; };
		4D941B9F19FC3663007FCB72 /* ShoppingViewController.m */ = {isa = PBXFileReference; fileEncoding = 4; lastKnownFileType = sourcecode.c.objc; path = ShoppingViewController.m; sourceTree = "<group>"; };
		4D941F3F19FC4668007FCB72 /* drop_down@2x.png */ = {isa = PBXFileReference; lastKnownFileType = image.png; name = "drop_down@2x.png"; path = "PhillipFashionProject/drop_down@2x.png"; sourceTree = "<group>"; };
		4D941F4019FC4668007FCB72 /* DropDownListView.h */ = {isa = PBXFileReference; fileEncoding = 4; lastKnownFileType = sourcecode.c.h; path = DropDownListView.h; sourceTree = "<group>"; };
		4D941F4119FC4668007FCB72 /* DropDownListView.m */ = {isa = PBXFileReference; fileEncoding = 4; lastKnownFileType = sourcecode.c.objc; path = DropDownListView.m; sourceTree = "<group>"; };
		4D941F4219FC4668007FCB72 /* DropDownViewCell.h */ = {isa = PBXFileReference; fileEncoding = 4; lastKnownFileType = sourcecode.c.h; path = DropDownViewCell.h; sourceTree = "<group>"; };
		4D941F4319FC4668007FCB72 /* DropDownViewCell.m */ = {isa = PBXFileReference; fileEncoding = 4; lastKnownFileType = sourcecode.c.objc; path = DropDownViewCell.m; sourceTree = "<group>"; };
		4D94263C19FC6535007FCB72 /* ShowItemViewController.h */ = {isa = PBXFileReference; fileEncoding = 4; lastKnownFileType = sourcecode.c.h; name = ShowItemViewController.h; path = ../ShowItemViewController.h; sourceTree = "<group>"; };
		4D94263D19FC6535007FCB72 /* ShowItemViewController.m */ = {isa = PBXFileReference; fileEncoding = 4; lastKnownFileType = sourcecode.c.objc; name = ShowItemViewController.m; path = ../ShowItemViewController.m; sourceTree = "<group>"; };
		4D94263E19FC6535007FCB72 /* ShowItemViewController.xib */ = {isa = PBXFileReference; fileEncoding = 4; lastKnownFileType = file.xib; path = ShowItemViewController.xib; sourceTree = "<group>"; };
		4D942DA819FC7DE6007FCB72 /* Bolts.framework */ = {isa = PBXFileReference; lastKnownFileType = wrapper.framework; path = Bolts.framework; sourceTree = "<group>"; };
		4D942DA919FC7DE6007FCB72 /* FacebookSDK.framework */ = {isa = PBXFileReference; lastKnownFileType = wrapper.framework; path = FacebookSDK.framework; sourceTree = "<group>"; };
		4D942DFA19FC7EA3007FCB72 /* LoginViewController.h */ = {isa = PBXFileReference; fileEncoding = 4; lastKnownFileType = sourcecode.c.h; path = LoginViewController.h; sourceTree = "<group>"; };
		4D942DFB19FC7EA3007FCB72 /* LoginViewController.m */ = {isa = PBXFileReference; fileEncoding = 4; lastKnownFileType = sourcecode.c.objc; path = LoginViewController.m; sourceTree = "<group>"; };
		4D942DFD19FC7EB4007FCB72 /* ServerRequest.h */ = {isa = PBXFileReference; fileEncoding = 4; lastKnownFileType = sourcecode.c.h; path = ServerRequest.h; sourceTree = "<group>"; };
		4D942DFE19FC7EB4007FCB72 /* ServerRequest.m */ = {isa = PBXFileReference; fileEncoding = 4; lastKnownFileType = sourcecode.c.objc; path = ServerRequest.m; sourceTree = "<group>"; };
		4D942E0019FC7EBF007FCB72 /* User.h */ = {isa = PBXFileReference; fileEncoding = 4; lastKnownFileType = sourcecode.c.h; path = User.h; sourceTree = "<group>"; };
		4D942E0119FC7EBF007FCB72 /* User.m */ = {isa = PBXFileReference; fileEncoding = 4; lastKnownFileType = sourcecode.c.objc; path = User.m; sourceTree = "<group>"; };
		4D942E0219FC7EBF007FCB72 /* CurrentUser.h */ = {isa = PBXFileReference; fileEncoding = 4; lastKnownFileType = sourcecode.c.h; path = CurrentUser.h; sourceTree = "<group>"; };
		4D942E0319FC7EBF007FCB72 /* CurrentUser.m */ = {isa = PBXFileReference; fileEncoding = 4; lastKnownFileType = sourcecode.c.objc; path = CurrentUser.m; sourceTree = "<group>"; };
		4D942E0819FC8247007FCB72 /* ProfileViewController.h */ = {isa = PBXFileReference; fileEncoding = 4; lastKnownFileType = sourcecode.c.h; path = ProfileViewController.h; sourceTree = "<group>"; };
		4D942E0919FC8247007FCB72 /* ProfileViewController.m */ = {isa = PBXFileReference; fileEncoding = 4; lastKnownFileType = sourcecode.c.objc; path = ProfileViewController.m; sourceTree = "<group>"; };
		4D942E0C19FC95BC007FCB72 /* PhillipFashionProject.xcdatamodel */ = {isa = PBXFileReference; lastKnownFileType = wrapper.xcdatamodel; path = PhillipFashionProject.xcdatamodel; sourceTree = "<group>"; };
		4D942E0E19FC9625007FCB72 /* CoreDataUser.h */ = {isa = PBXFileReference; fileEncoding = 4; lastKnownFileType = sourcecode.c.h; path = CoreDataUser.h; sourceTree = "<group>"; };
		4D942E0F19FC9625007FCB72 /* CoreDataUser.m */ = {isa = PBXFileReference; fileEncoding = 4; lastKnownFileType = sourcecode.c.objc; path = CoreDataUser.m; sourceTree = "<group>"; };
		4D942E1119FCAEAF007FCB72 /* CoreDataSingleton.h */ = {isa = PBXFileReference; fileEncoding = 4; lastKnownFileType = sourcecode.c.h; path = CoreDataSingleton.h; sourceTree = "<group>"; };
		4D942E1219FCAEAF007FCB72 /* CoreDataSingleton.m */ = {isa = PBXFileReference; fileEncoding = 4; lastKnownFileType = sourcecode.c.objc; path = CoreDataSingleton.m; sourceTree = "<group>"; };
		4D942E1519FCC33E007FCB72 /* StretchyHeaderCollectionViewLayout.h */ = {isa = PBXFileReference; fileEncoding = 4; lastKnownFileType = sourcecode.c.h; path = StretchyHeaderCollectionViewLayout.h; sourceTree = "<group>"; };
		4D942E1619FCC33E007FCB72 /* StretchyHeaderCollectionViewLayout.m */ = {isa = PBXFileReference; fileEncoding = 4; lastKnownFileType = sourcecode.c.objc; path = StretchyHeaderCollectionViewLayout.m; sourceTree = "<group>"; };
		4D943E2219FD051F007FCB72 /* libsqlite3.dylib */ = {isa = PBXFileReference; lastKnownFileType = "compiled.mach-o.dylib"; name = libsqlite3.dylib; path = usr/lib/libsqlite3.dylib; sourceTree = SDKROOT; };
		4D943E2419FD052E007FCB72 /* libz.dylib */ = {isa = PBXFileReference; lastKnownFileType = "compiled.mach-o.dylib"; name = libz.dylib; path = usr/lib/libz.dylib; sourceTree = SDKROOT; };
		4D943E2619FD0918007FCB72 /* Parse.framework */ = {isa = PBXFileReference; lastKnownFileType = wrapper.framework; path = Parse.framework; sourceTree = "<group>"; };
		4D943E2719FD0918007FCB72 /* ParseFacebookUtils.framework */ = {isa = PBXFileReference; lastKnownFileType = wrapper.framework; path = ParseFacebookUtils.framework; sourceTree = "<group>"; };
		4D943E2A19FD092D007FCB72 /* AudioToolbox.framework */ = {isa = PBXFileReference; lastKnownFileType = wrapper.framework; name = AudioToolbox.framework; path = System/Library/Frameworks/AudioToolbox.framework; sourceTree = SDKROOT; };
		4D943E2C19FD0933007FCB72 /* CFNetwork.framework */ = {isa = PBXFileReference; lastKnownFileType = wrapper.framework; name = CFNetwork.framework; path = System/Library/Frameworks/CFNetwork.framework; sourceTree = SDKROOT; };
		4D943E2E19FD093B007FCB72 /* CoreGraphics.framework */ = {isa = PBXFileReference; lastKnownFileType = wrapper.framework; name = CoreGraphics.framework; path = System/Library/Frameworks/CoreGraphics.framework; sourceTree = SDKROOT; };
		4D943E3019FD0946007FCB72 /* CoreLocation.framework */ = {isa = PBXFileReference; lastKnownFileType = wrapper.framework; name = CoreLocation.framework; path = System/Library/Frameworks/CoreLocation.framework; sourceTree = SDKROOT; };
		4D943E3219FD0952007FCB72 /* MobileCoreServices.framework */ = {isa = PBXFileReference; lastKnownFileType = wrapper.framework; name = MobileCoreServices.framework; path = System/Library/Frameworks/MobileCoreServices.framework; sourceTree = SDKROOT; };
		4D943E3419FD0957007FCB72 /* QuartzCore.framework */ = {isa = PBXFileReference; lastKnownFileType = wrapper.framework; name = QuartzCore.framework; path = System/Library/Frameworks/QuartzCore.framework; sourceTree = SDKROOT; };
		4D943E3619FD095D007FCB72 /* Security.framework */ = {isa = PBXFileReference; lastKnownFileType = wrapper.framework; name = Security.framework; path = System/Library/Frameworks/Security.framework; sourceTree = SDKROOT; };
		4D943E3819FD096C007FCB72 /* StoreKit.framework */ = {isa = PBXFileReference; lastKnownFileType = wrapper.framework; name = StoreKit.framework; path = System/Library/Frameworks/StoreKit.framework; sourceTree = SDKROOT; };
		4D943E3A19FD0974007FCB72 /* SystemConfiguration.framework */ = {isa = PBXFileReference; lastKnownFileType = wrapper.framework; name = SystemConfiguration.framework; path = System/Library/Frameworks/SystemConfiguration.framework; sourceTree = SDKROOT; };
		4D943E3D19FD0F54007FCB72 /* UsersCollectionViewController.h */ = {isa = PBXFileReference; fileEncoding = 4; lastKnownFileType = sourcecode.c.h; path = UsersCollectionViewController.h; sourceTree = "<group>"; };
		4D943E3E19FD0F54007FCB72 /* UsersCollectionViewController.m */ = {isa = PBXFileReference; fileEncoding = 4; lastKnownFileType = sourcecode.c.objc; path = UsersCollectionViewController.m; sourceTree = "<group>"; };
		4D943E4019FD2494007FCB72 /* heart-empty.png */ = {isa = PBXFileReference; lastKnownFileType = image.png; path = "heart-empty.png"; sourceTree = "<group>"; };
		4D943E4619FD2605007FCB72 /* heart-emptyb copy.png */ = {isa = PBXFileReference; lastKnownFileType = image.png; path = "heart-emptyb copy.png"; sourceTree = "<group>"; };
		4D943E4819FD2AE3007FCB72 /* heart-fullb copy.png */ = {isa = PBXFileReference; lastKnownFileType = image.png; path = "heart-fullb copy.png"; sourceTree = "<group>"; };
		4D943E4A19FD2DE5007FCB72 /* menu-grey.png */ = {isa = PBXFileReference; lastKnownFileType = image.png; name = "menu-grey.png"; path = "PhillipFashionProject/menu-grey.png"; sourceTree = "<group>"; };
		4D943E4C19FD30BF007FCB72 /* camera-grey.png */ = {isa = PBXFileReference; lastKnownFileType = image.png; name = "camera-grey.png"; path = "PhillipFashionProject/camera-grey.png"; sourceTree = "<group>"; };
		4D943E4F19FD7D09007FCB72 /* Caviar_Dreams_Bold.ttf */ = {isa = PBXFileReference; lastKnownFileType = file; path = Caviar_Dreams_Bold.ttf; sourceTree = "<group>"; };
		4D943E5019FD7D09007FCB72 /* CaviarDreams.ttf */ = {isa = PBXFileReference; lastKnownFileType = file; path = CaviarDreams.ttf; sourceTree = "<group>"; };
		4D943E5119FD7D09007FCB72 /* CaviarDreams_BoldItalic.ttf */ = {isa = PBXFileReference; lastKnownFileType = file; path = CaviarDreams_BoldItalic.ttf; sourceTree = "<group>"; };
		4D943E5219FD7D09007FCB72 /* CaviarDreams_Italic.ttf */ = {isa = PBXFileReference; lastKnownFileType = file; path = CaviarDreams_Italic.ttf; sourceTree = "<group>"; };
		4D943E5319FD7D09007FCB72 /* Nymphont License.txt */ = {isa = PBXFileReference; fileEncoding = 4; lastKnownFileType = text; path = "Nymphont License.txt"; sourceTree = "<group>"; };
		4D943E5919FD850D007FCB72 /* home32.png */ = {isa = PBXFileReference; lastKnownFileType = image.png; path = home32.png; sourceTree = "<group>"; };
		4D943E5B19FD8529007FCB72 /* shoppingcart32.png */ = {isa = PBXFileReference; lastKnownFileType = image.png; path = shoppingcart32.png; sourceTree = "<group>"; };
		4D943E5D19FD8537007FCB72 /* users32.png */ = {isa = PBXFileReference; lastKnownFileType = image.png; path = users32.png; sourceTree = "<group>"; };
		4DA3E57719FF0B2700BB3195 /* DropDownCell.h */ = {isa = PBXFileReference; fileEncoding = 4; lastKnownFileType = sourcecode.c.h; path = DropDownCell.h; sourceTree = "<group>"; };
		4DA3E57819FF0B2700BB3195 /* DropDownCell.m */ = {isa = PBXFileReference; fileEncoding = 4; lastKnownFileType = sourcecode.c.objc; path = DropDownCell.m; sourceTree = "<group>"; };
		4DA3E57919FF0B2700BB3195 /* DropDownCell.xib */ = {isa = PBXFileReference; fileEncoding = 4; lastKnownFileType = file.xib; path = DropDownCell.xib; sourceTree = "<group>"; };
		4DB3E2501A0162FC00790810 /* ProfileCollectionViewController.h */ = {isa = PBXFileReference; fileEncoding = 4; lastKnownFileType = sourcecode.c.h; name = ProfileCollectionViewController.h; path = ../ProfileCollectionViewController.h; sourceTree = "<group>"; };
		4DB3E2511A0162FC00790810 /* ProfileCollectionViewController.m */ = {isa = PBXFileReference; fileEncoding = 4; lastKnownFileType = sourcecode.c.objc; name = ProfileCollectionViewController.m; path = ../ProfileCollectionViewController.m; sourceTree = "<group>"; };
		4DB3E2531A02157B00790810 /* CreateViewController.h */ = {isa = PBXFileReference; fileEncoding = 4; lastKnownFileType = sourcecode.c.h; name = CreateViewController.h; path = ../CreateViewController.h; sourceTree = "<group>"; };
		4DB3E2541A02157B00790810 /* CreateViewController.m */ = {isa = PBXFileReference; fileEncoding = 4; lastKnownFileType = sourcecode.c.objc; name = CreateViewController.m; path = ../CreateViewController.m; sourceTree = "<group>"; };
		4DB719B21A00688D00B757E5 /* FilterViewController.h */ = {isa = PBXFileReference; fileEncoding = 4; lastKnownFileType = sourcecode.c.h; path = FilterViewController.h; sourceTree = "<group>"; };
		4DB719B31A00688D00B757E5 /* FilterViewController.m */ = {isa = PBXFileReference; fileEncoding = 4; lastKnownFileType = sourcecode.c.objc; path = FilterViewController.m; sourceTree = "<group>"; };
		4DE987701A2280A900F4EF1C /* UIImage+ImageEffects.h */ = {isa = PBXFileReference; fileEncoding = 4; lastKnownFileType = sourcecode.c.h; path = "UIImage+ImageEffects.h"; sourceTree = "<group>"; };
		4DE987711A2280A900F4EF1C /* UIImage+ImageEffects.m */ = {isa = PBXFileReference; fileEncoding = 4; lastKnownFileType = sourcecode.c.objc; path = "UIImage+ImageEffects.m"; sourceTree = "<group>"; };
		4DE987721A2280A900F4EF1C /* SCLAlertView.h */ = {isa = PBXFileReference; fileEncoding = 4; lastKnownFileType = sourcecode.c.h; path = SCLAlertView.h; sourceTree = "<group>"; };
		4DE987731A2280A900F4EF1C /* SCLAlertView.m */ = {isa = PBXFileReference; fileEncoding = 4; lastKnownFileType = sourcecode.c.objc; path = SCLAlertView.m; sourceTree = "<group>"; };
		4DE987741A2280A900F4EF1C /* SCLButton.h */ = {isa = PBXFileReference; fileEncoding = 4; lastKnownFileType = sourcecode.c.h; path = SCLButton.h; sourceTree = "<group>"; };
		4DE987751A2280A900F4EF1C /* SCLButton.m */ = {isa = PBXFileReference; fileEncoding = 4; lastKnownFileType = sourcecode.c.objc; path = SCLButton.m; sourceTree = "<group>"; };
		4DE987761A2280A900F4EF1C /* SCLAlertViewResponder.h */ = {isa = PBXFileReference; fileEncoding = 4; lastKnownFileType = sourcecode.c.h; path = SCLAlertViewResponder.h; sourceTree = "<group>"; };
		4DE987771A2280A900F4EF1C /* SCLAlertViewResponder.m */ = {isa = PBXFileReference; fileEncoding = 4; lastKnownFileType = sourcecode.c.objc; path = SCLAlertViewResponder.m; sourceTree = "<group>"; };
		4DE987781A2280A900F4EF1C /* SCLAlertViewStyleKit.h */ = {isa = PBXFileReference; fileEncoding = 4; lastKnownFileType = sourcecode.c.h; path = SCLAlertViewStyleKit.h; sourceTree = "<group>"; };
		4DE987791A2280A900F4EF1C /* SCLAlertViewStyleKit.m */ = {isa = PBXFileReference; fileEncoding = 4; lastKnownFileType = sourcecode.c.objc; path = SCLAlertViewStyleKit.m; sourceTree = "<group>"; };
		4DE987801A2283BA00F4EF1C /* whiteCheckMark.png */ = {isa = PBXFileReference; lastKnownFileType = image.png; path = whiteCheckMark.png; sourceTree = "<group>"; };
		4DE987851A230BC600F4EF1C /* Images.xcassets */ = {isa = PBXFileReference; lastKnownFileType = folder.assetcatalog; path = Images.xcassets; sourceTree = "<group>"; };
/* End PBXFileReference section */

/* Begin PBXFrameworksBuildPhase section */
		4D941B6C19FC35F2007FCB72 /* Frameworks */ = {
			isa = PBXFrameworksBuildPhase;
			buildActionMask = 2147483647;
			files = (
				4D943E3B19FD0974007FCB72 /* SystemConfiguration.framework in Frameworks */,
				4D943E3919FD096C007FCB72 /* StoreKit.framework in Frameworks */,
				4D943E3719FD095D007FCB72 /* Security.framework in Frameworks */,
				4D943E3519FD0957007FCB72 /* QuartzCore.framework in Frameworks */,
				4D943E3319FD0952007FCB72 /* MobileCoreServices.framework in Frameworks */,
				4D943E3119FD0946007FCB72 /* CoreLocation.framework in Frameworks */,
				4D943E2F19FD093B007FCB72 /* CoreGraphics.framework in Frameworks */,
				4D943E2D19FD0933007FCB72 /* CFNetwork.framework in Frameworks */,
				4D943E2B19FD092D007FCB72 /* AudioToolbox.framework in Frameworks */,
				4D943E2519FD052E007FCB72 /* libz.dylib in Frameworks */,
				4D943E2319FD051F007FCB72 /* libsqlite3.dylib in Frameworks */,
				4D943E2919FD0918007FCB72 /* ParseFacebookUtils.framework in Frameworks */,
				4D942DD819FC7DE6007FCB72 /* Bolts.framework in Frameworks */,
				4DE987841A22D20B00F4EF1C /* Parse.framework in Frameworks */,
				4D942DD919FC7DE6007FCB72 /* FacebookSDK.framework in Frameworks */,
			);
			runOnlyForDeploymentPostprocessing = 0;
		};
		4D941B8819FC35F2007FCB72 /* Frameworks */ = {
			isa = PBXFrameworksBuildPhase;
			buildActionMask = 2147483647;
			files = (
			);
			runOnlyForDeploymentPostprocessing = 0;
		};
/* End PBXFrameworksBuildPhase section */

/* Begin PBXGroup section */
		4D941B6619FC35F2007FCB72 = {
			isa = PBXGroup;
			children = (
				4DE987851A230BC600F4EF1C /* Images.xcassets */,
				4DB719B21A00688D00B757E5 /* FilterViewController.h */,
				4DB719B31A00688D00B757E5 /* FilterViewController.m */,
				4D94263E19FC6535007FCB72 /* ShowItemViewController.xib */,
				4D941B7F19FC35F2007FCB72 /* Main.storyboard */,
				4D49E3441A27AA18004B709D /* DraggableView.h */,
				4D49E3451A27AA18004B709D /* DraggableView.m */,
				4D49E3331A278FBC004B709D /* TinderStyleViewController.h */,
				4D49E3341A278FBC004B709D /* TinderStyleViewController.m */,
				4D49E33C1A27A3B9004B709D /* bar@2x.png */,
				4DE987801A2283BA00F4EF1C /* whiteCheckMark.png */,
				4DE9877F1A2280B000F4EF1C /* SCLAlertView */,
				4D943E5F19FD88C3007FCB72 /* Icons */,
				4D941B7119FC35F2007FCB72 /* PhillipFashionProject */,
				4D941B8E19FC35F2007FCB72 /* PhillipFashionProjectTests */,
				4D941B7019FC35F2007FCB72 /* Products */,
				4D943E3C19FD0991007FCB72 /* FrameWorks */,
			);
			sourceTree = "<group>";
		};
		4D941B7019FC35F2007FCB72 /* Products */ = {
			isa = PBXGroup;
			children = (
				4D941B6F19FC35F2007FCB72 /* Formwear.app */,
				4D941B8B19FC35F2007FCB72 /* FormwearTests.xctest */,
			);
			name = Products;
			sourceTree = "<group>";
		};
		4D941B7119FC35F2007FCB72 /* PhillipFashionProject */ = {
			isa = PBXGroup;
			children = (
				4D941B7619FC35F2007FCB72 /* AppDelegate.h */,
				4D941B7719FC35F2007FCB72 /* AppDelegate.m */,
				4D81AFC91A11ED4B005A8BCB /* RecommendationViewController.h */,
				4D81AFCA1A11ED4B005A8BCB /* RecommendationViewController.m */,
				4DB3E2531A02157B00790810 /* CreateViewController.h */,
				4DB3E2541A02157B00790810 /* CreateViewController.m */,
				4DB3E2501A0162FC00790810 /* ProfileCollectionViewController.h */,
				4DB3E2511A0162FC00790810 /* ProfileCollectionViewController.m */,
				4D94263C19FC6535007FCB72 /* ShowItemViewController.h */,
				4D94263D19FC6535007FCB72 /* ShowItemViewController.m */,
				4D942E1519FCC33E007FCB72 /* StretchyHeaderCollectionViewLayout.h */,
				4D942E1619FCC33E007FCB72 /* StretchyHeaderCollectionViewLayout.m */,
				4D942E0819FC8247007FCB72 /* ProfileViewController.h */,
				4D942E0919FC8247007FCB72 /* ProfileViewController.m */,
				4D943E3D19FD0F54007FCB72 /* UsersCollectionViewController.h */,
				4D943E3E19FD0F54007FCB72 /* UsersCollectionViewController.m */,
				4D941B9E19FC3663007FCB72 /* ShoppingViewController.h */,
				4D941B9F19FC3663007FCB72 /* ShoppingViewController.m */,
				4D942DFA19FC7EA3007FCB72 /* LoginViewController.h */,
				4D942DFB19FC7EA3007FCB72 /* LoginViewController.m */,
				4D942E1419FCAEC1007FCB72 /* Core Data Singleton */,
				4D942E0619FC7EC5007FCB72 /* Server Request */,
				4D942E0719FC7ED1007FCB72 /* User */,
				4D941F4919FC49BF007FCB72 /* DropDown */,
				4D941B8419FC35F2007FCB72 /* LaunchScreen.xib */,
				4D941B7219FC35F2007FCB72 /* Supporting Files */,
			);
			path = PhillipFashionProject;
			sourceTree = "<group>";
		};
		4D941B7219FC35F2007FCB72 /* Supporting Files */ = {
			isa = PBXGroup;
			children = (
				4D14894F1A23B1780031B8D3 /* Century Gothic */,
				4D943E4E19FD7D09007FCB72 /* Caviar-Dreams */,
				4D941B7319FC35F2007FCB72 /* Info.plist */,
				4D941B7419FC35F2007FCB72 /* main.m */,
			);
			name = "Supporting Files";
			sourceTree = "<group>";
		};
		4D941B8E19FC35F2007FCB72 /* PhillipFashionProjectTests */ = {
			isa = PBXGroup;
			children = (
				4D941B9119FC35F2007FCB72 /* PhillipFashionProjectTests.m */,
				4D941B8F19FC35F2007FCB72 /* Supporting Files */,
			);
			path = PhillipFashionProjectTests;
			sourceTree = "<group>";
		};
		4D941B8F19FC35F2007FCB72 /* Supporting Files */ = {
			isa = PBXGroup;
			children = (
				4D942E0B19FC95BC007FCB72 /* PhillipFashionProject.xcdatamodeld */,
				4D941B9019FC35F2007FCB72 /* Info.plist */,
			);
			name = "Supporting Files";
			sourceTree = "<group>";
		};
		4D941F4919FC49BF007FCB72 /* DropDown */ = {
			isa = PBXGroup;
			children = (
				4D941F4019FC4668007FCB72 /* DropDownListView.h */,
				4D941F4119FC4668007FCB72 /* DropDownListView.m */,
				4D941F4219FC4668007FCB72 /* DropDownViewCell.h */,
				4D941F4319FC4668007FCB72 /* DropDownViewCell.m */,
			);
			name = DropDown;
			sourceTree = "<group>";
		};
		4D942E0619FC7EC5007FCB72 /* Server Request */ = {
			isa = PBXGroup;
			children = (
				4D942DFD19FC7EB4007FCB72 /* ServerRequest.h */,
				4D942DFE19FC7EB4007FCB72 /* ServerRequest.m */,
			);
			name = "Server Request";
			sourceTree = "<group>";
		};
		4D942E0719FC7ED1007FCB72 /* User */ = {
			isa = PBXGroup;
			children = (
				4D942E0019FC7EBF007FCB72 /* User.h */,
				4D942E0119FC7EBF007FCB72 /* User.m */,
				4D942E0E19FC9625007FCB72 /* CoreDataUser.h */,
				4D942E0F19FC9625007FCB72 /* CoreDataUser.m */,
				4D942E0219FC7EBF007FCB72 /* CurrentUser.h */,
				4D942E0319FC7EBF007FCB72 /* CurrentUser.m */,
			);
			name = User;
			sourceTree = "<group>";
		};
		4D942E1419FCAEC1007FCB72 /* Core Data Singleton */ = {
			isa = PBXGroup;
			children = (
				4D942E1119FCAEAF007FCB72 /* CoreDataSingleton.h */,
				4D942E1219FCAEAF007FCB72 /* CoreDataSingleton.m */,
			);
			name = "Core Data Singleton";
			sourceTree = "<group>";
		};
		4D943E3C19FD0991007FCB72 /* FrameWorks */ = {
			isa = PBXGroup;
			children = (
				4D943E2419FD052E007FCB72 /* libz.dylib */,
				4D943E2219FD051F007FCB72 /* libsqlite3.dylib */,
				4D943E3A19FD0974007FCB72 /* SystemConfiguration.framework */,
				4D943E3819FD096C007FCB72 /* StoreKit.framework */,
				4D943E3619FD095D007FCB72 /* Security.framework */,
				4D943E3419FD0957007FCB72 /* QuartzCore.framework */,
				4D943E3219FD0952007FCB72 /* MobileCoreServices.framework */,
				4D943E3019FD0946007FCB72 /* CoreLocation.framework */,
				4D943E2E19FD093B007FCB72 /* CoreGraphics.framework */,
				4D943E2C19FD0933007FCB72 /* CFNetwork.framework */,
				4D943E2A19FD092D007FCB72 /* AudioToolbox.framework */,
				4D943E2619FD0918007FCB72 /* Parse.framework */,
				4D943E2719FD0918007FCB72 /* ParseFacebookUtils.framework */,
				4D942DA819FC7DE6007FCB72 /* Bolts.framework */,
				4D942DA919FC7DE6007FCB72 /* FacebookSDK.framework */,
			);
			name = FrameWorks;
			sourceTree = "<group>";
		};
		4D943E4E19FD7D09007FCB72 /* Caviar-Dreams */ = {
			isa = PBXGroup;
			children = (
				4D943E4F19FD7D09007FCB72 /* Caviar_Dreams_Bold.ttf */,
				4D943E5019FD7D09007FCB72 /* CaviarDreams.ttf */,
				4D943E5119FD7D09007FCB72 /* CaviarDreams_BoldItalic.ttf */,
				4D943E5219FD7D09007FCB72 /* CaviarDreams_Italic.ttf */,
				4D943E5319FD7D09007FCB72 /* Nymphont License.txt */,
			);
			path = "Caviar-Dreams";
			sourceTree = "<group>";
		};
		4D943E5F19FD88C3007FCB72 /* Icons */ = {
			isa = PBXGroup;
			children = (
				4D943E4019FD2494007FCB72 /* heart-empty.png */,
				4D943E4619FD2605007FCB72 /* heart-emptyb copy.png */,
				4D943E4819FD2AE3007FCB72 /* heart-fullb copy.png */,
				4D943E4A19FD2DE5007FCB72 /* menu-grey.png */,
				4D943E4C19FD30BF007FCB72 /* camera-grey.png */,
				4D943E5919FD850D007FCB72 /* home32.png */,
				4D943E5B19FD8529007FCB72 /* shoppingcart32.png */,
				4D943E5D19FD8537007FCB72 /* users32.png */,
				4D941F3F19FC4668007FCB72 /* drop_down@2x.png */,
				4DA3E57719FF0B2700BB3195 /* DropDownCell.h */,
				4DA3E57819FF0B2700BB3195 /* DropDownCell.m */,
				4DA3E57919FF0B2700BB3195 /* DropDownCell.xib */,
			);
			name = Icons;
			sourceTree = "<group>";
		};
		4DE9877F1A2280B000F4EF1C /* SCLAlertView */ = {
			isa = PBXGroup;
			children = (
				4DE987701A2280A900F4EF1C /* UIImage+ImageEffects.h */,
				4DE987711A2280A900F4EF1C /* UIImage+ImageEffects.m */,
				4DE987721A2280A900F4EF1C /* SCLAlertView.h */,
				4DE987731A2280A900F4EF1C /* SCLAlertView.m */,
				4DE987741A2280A900F4EF1C /* SCLButton.h */,
				4DE987751A2280A900F4EF1C /* SCLButton.m */,
				4DE987761A2280A900F4EF1C /* SCLAlertViewResponder.h */,
				4DE987771A2280A900F4EF1C /* SCLAlertViewResponder.m */,
				4DE987781A2280A900F4EF1C /* SCLAlertViewStyleKit.h */,
				4DE987791A2280A900F4EF1C /* SCLAlertViewStyleKit.m */,
			);
			name = SCLAlertView;
			sourceTree = "<group>";
		};
/* End PBXGroup section */

/* Begin PBXNativeTarget section */
		4D941B6E19FC35F2007FCB72 /* Formwear */ = {
			isa = PBXNativeTarget;
			buildConfigurationList = 4D941B9519FC35F2007FCB72 /* Build configuration list for PBXNativeTarget "Formwear" */;
			buildPhases = (
				4D941B6B19FC35F2007FCB72 /* Sources */,
				4D941B6C19FC35F2007FCB72 /* Frameworks */,
				4D941B6D19FC35F2007FCB72 /* Resources */,
			);
			buildRules = (
			);
			dependencies = (
			);
			name = Formwear;
			productName = PhillipFashionProject;
			productReference = 4D941B6F19FC35F2007FCB72 /* Formwear.app */;
			productType = "com.apple.product-type.application";
		};
		4D941B8A19FC35F2007FCB72 /* FormwearTests */ = {
			isa = PBXNativeTarget;
			buildConfigurationList = 4D941B9819FC35F2007FCB72 /* Build configuration list for PBXNativeTarget "FormwearTests" */;
			buildPhases = (
				4D941B8719FC35F2007FCB72 /* Sources */,
				4D941B8819FC35F2007FCB72 /* Frameworks */,
				4D941B8919FC35F2007FCB72 /* Resources */,
			);
			buildRules = (
			);
			dependencies = (
				4D941B8D19FC35F2007FCB72 /* PBXTargetDependency */,
			);
			name = FormwearTests;
			productName = PhillipFashionProjectTests;
			productReference = 4D941B8B19FC35F2007FCB72 /* FormwearTests.xctest */;
			productType = "com.apple.product-type.bundle.unit-test";
		};
/* End PBXNativeTarget section */

/* Begin PBXProject section */
		4D941B6719FC35F2007FCB72 /* Project object */ = {
			isa = PBXProject;
			attributes = {
				LastUpgradeCheck = 0600;
				ORGANIZATIONNAME = "Phillip Ou";
				TargetAttributes = {
					4D941B6E19FC35F2007FCB72 = {
						CreatedOnToolsVersion = 6.0.1;
					};
					4D941B8A19FC35F2007FCB72 = {
						CreatedOnToolsVersion = 6.0.1;
						TestTargetID = 4D941B6E19FC35F2007FCB72;
					};
				};
			};
			buildConfigurationList = 4D941B6A19FC35F2007FCB72 /* Build configuration list for PBXProject "Formwear" */;
			compatibilityVersion = "Xcode 3.2";
			developmentRegion = English;
			hasScannedForEncodings = 0;
			knownRegions = (
				en,
				Base,
				he,
			);
			mainGroup = 4D941B6619FC35F2007FCB72;
			productRefGroup = 4D941B7019FC35F2007FCB72 /* Products */;
			projectDirPath = "";
			projectRoot = "";
			targets = (
				4D941B6E19FC35F2007FCB72 /* Formwear */,
				4D941B8A19FC35F2007FCB72 /* FormwearTests */,
			);
		};
/* End PBXProject section */

/* Begin PBXResourcesBuildPhase section */
		4D941B6D19FC35F2007FCB72 /* Resources */ = {
			isa = PBXResourcesBuildPhase;
			buildActionMask = 2147483647;
			files = (
				4D943E5C19FD8529007FCB72 /* shoppingcart32.png in Resources */,
				4D943E5419FD7D09007FCB72 /* Caviar_Dreams_Bold.ttf in Resources */,
				4D943E4919FD2AE3007FCB72 /* heart-fullb copy.png in Resources */,
				4DE987811A2283BA00F4EF1C /* whiteCheckMark.png in Resources */,
				4D943E5819FD7D09007FCB72 /* Nymphont License.txt in Resources */,
				4D1489501A23B1780031B8D3 /* Century Gothic in Resources */,
				4D943E5619FD7D09007FCB72 /* CaviarDreams_BoldItalic.ttf in Resources */,
				4D943E5519FD7D09007FCB72 /* CaviarDreams.ttf in Resources */,
				4D943E5719FD7D09007FCB72 /* CaviarDreams_Italic.ttf in Resources */,
				4DA3E57B19FF0B2700BB3195 /* DropDownCell.xib in Resources */,
				4DE987861A230BC600F4EF1C /* Images.xcassets in Resources */,
				4D943E5E19FD8537007FCB72 /* users32.png in Resources */,
				4D941B8119FC35F2007FCB72 /* Main.storyboard in Resources */,
				4D941F4619FC4668007FCB72 /* drop_down@2x.png in Resources */,
				4D943E4719FD2605007FCB72 /* heart-emptyb copy.png in Resources */,
				4D943E4119FD2494007FCB72 /* heart-empty.png in Resources */,
				4D49E33D1A27A3B9004B709D /* bar@2x.png in Resources */,
				4D94264019FC6535007FCB72 /* ShowItemViewController.xib in Resources */,
				4D943E5A19FD850D007FCB72 /* home32.png in Resources */,
				4D941B8619FC35F2007FCB72 /* LaunchScreen.xib in Resources */,
				4D943E4D19FD30BF007FCB72 /* camera-grey.png in Resources */,
				4D943E4B19FD2DE5007FCB72 /* menu-grey.png in Resources */,
			);
			runOnlyForDeploymentPostprocessing = 0;
		};
		4D941B8919FC35F2007FCB72 /* Resources */ = {
			isa = PBXResourcesBuildPhase;
			buildActionMask = 2147483647;
			files = (
			);
			runOnlyForDeploymentPostprocessing = 0;
		};
/* End PBXResourcesBuildPhase section */

/* Begin PBXSourcesBuildPhase section */
		4D941B6B19FC35F2007FCB72 /* Sources */ = {
			isa = PBXSourcesBuildPhase;
			buildActionMask = 2147483647;
			files = (
				4D942E0519FC7EBF007FCB72 /* CurrentUser.m in Sources */,
				4D941BA019FC3663007FCB72 /* ShoppingViewController.m in Sources */,
				4DE9877D1A2280A900F4EF1C /* SCLAlertViewResponder.m in Sources */,
				4D941F4819FC4668007FCB72 /* DropDownViewCell.m in Sources */,
				4D942E1719FCC33E007FCB72 /* StretchyHeaderCollectionViewLayout.m in Sources */,
				4DE9877C1A2280A900F4EF1C /* SCLButton.m in Sources */,
				4DE9877A1A2280A900F4EF1C /* UIImage+ImageEffects.m in Sources */,
				4D942E0D19FC95BC007FCB72 /* PhillipFashionProject.xcdatamodeld in Sources */,
				4D942E0419FC7EBF007FCB72 /* User.m in Sources */,
				4D942DFF19FC7EB4007FCB72 /* ServerRequest.m in Sources */,
				4D943E3F19FD0F54007FCB72 /* UsersCollectionViewController.m in Sources */,
				4D941B7819FC35F2007FCB72 /* AppDelegate.m in Sources */,
				4D941F4719FC4668007FCB72 /* DropDownListView.m in Sources */,
				4DB719B51A00688D00B757E5 /* FilterViewController.m in Sources */,
				4D49E3461A27AA18004B709D /* DraggableView.m in Sources */,
				4DA3E57A19FF0B2700BB3195 /* DropDownCell.m in Sources */,
				4D81AFCB1A11ED4B005A8BCB /* RecommendationViewController.m in Sources */,
				4DB3E2551A02157B00790810 /* CreateViewController.m in Sources */,
				4D942DFC19FC7EA3007FCB72 /* LoginViewController.m in Sources */,
				4DE9877B1A2280A900F4EF1C /* SCLAlertView.m in Sources */,
				4D942E0A19FC8247007FCB72 /* ProfileViewController.m in Sources */,
				4D942E1319FCAEAF007FCB72 /* CoreDataSingleton.m in Sources */,
				4DB3E2521A0162FC00790810 /* ProfileCollectionViewController.m in Sources */,
				4D94263F19FC6535007FCB72 /* ShowItemViewController.m in Sources */,
				4DE9877E1A2280A900F4EF1C /* SCLAlertViewStyleKit.m in Sources */,
				4D49E3351A278FBC004B709D /* TinderStyleViewController.m in Sources */,
				4D942E1019FC9625007FCB72 /* CoreDataUser.m in Sources */,
				4D941B7519FC35F2007FCB72 /* main.m in Sources */,
			);
			runOnlyForDeploymentPostprocessing = 0;
		};
		4D941B8719FC35F2007FCB72 /* Sources */ = {
			isa = PBXSourcesBuildPhase;
			buildActionMask = 2147483647;
			files = (
				4D941B9219FC35F2007FCB72 /* PhillipFashionProjectTests.m in Sources */,
			);
			runOnlyForDeploymentPostprocessing = 0;
		};
/* End PBXSourcesBuildPhase section */

/* Begin PBXTargetDependency section */
		4D941B8D19FC35F2007FCB72 /* PBXTargetDependency */ = {
			isa = PBXTargetDependency;
			target = 4D941B6E19FC35F2007FCB72 /* Formwear */;
			targetProxy = 4D941B8C19FC35F2007FCB72 /* PBXContainerItemProxy */;
		};
/* End PBXTargetDependency section */

/* Begin PBXVariantGroup section */
		4D941B7F19FC35F2007FCB72 /* Main.storyboard */ = {
			isa = PBXVariantGroup;
			children = (
				4D941B8019FC35F2007FCB72 /* Base */,
			);
			name = Main.storyboard;
			path = PhillipFashionProject;
			sourceTree = "<group>";
		};
		4D941B8419FC35F2007FCB72 /* LaunchScreen.xib */ = {
			isa = PBXVariantGroup;
			children = (
				4D941B8519FC35F2007FCB72 /* Base */,
			);
			name = LaunchScreen.xib;
			sourceTree = "<group>";
		};
/* End PBXVariantGroup section */

/* Begin XCBuildConfiguration section */
		4D941B9319FC35F2007FCB72 /* Debug */ = {
			isa = XCBuildConfiguration;
			buildSettings = {
				ALWAYS_SEARCH_USER_PATHS = NO;
				CLANG_CXX_LANGUAGE_STANDARD = "gnu++0x";
				CLANG_CXX_LIBRARY = "libc++";
				CLANG_ENABLE_MODULES = YES;
				CLANG_ENABLE_OBJC_ARC = YES;
				CLANG_WARN_BOOL_CONVERSION = YES;
				CLANG_WARN_CONSTANT_CONVERSION = YES;
				CLANG_WARN_DIRECT_OBJC_ISA_USAGE = YES_ERROR;
				CLANG_WARN_EMPTY_BODY = YES;
				CLANG_WARN_ENUM_CONVERSION = YES;
				CLANG_WARN_INT_CONVERSION = YES;
				CLANG_WARN_OBJC_ROOT_CLASS = YES_ERROR;
				CLANG_WARN_UNREACHABLE_CODE = YES;
				CLANG_WARN__DUPLICATE_METHOD_MATCH = YES;
				"CODE_SIGN_IDENTITY[sdk=iphoneos*]" = "iPhone Developer";
				COPY_PHASE_STRIP = NO;
				ENABLE_STRICT_OBJC_MSGSEND = YES;
				GCC_C_LANGUAGE_STANDARD = gnu99;
				GCC_DYNAMIC_NO_PIC = NO;
				GCC_OPTIMIZATION_LEVEL = 0;
				GCC_PREPROCESSOR_DEFINITIONS = (
					"DEBUG=1",
					"$(inherited)",
				);
				GCC_SYMBOLS_PRIVATE_EXTERN = NO;
				GCC_WARN_64_TO_32_BIT_CONVERSION = YES;
				GCC_WARN_ABOUT_RETURN_TYPE = YES_ERROR;
				GCC_WARN_UNDECLARED_SELECTOR = YES;
				GCC_WARN_UNINITIALIZED_AUTOS = YES_AGGRESSIVE;
				GCC_WARN_UNUSED_FUNCTION = YES;
				GCC_WARN_UNUSED_VARIABLE = YES;
				IPHONEOS_DEPLOYMENT_TARGET = 8.0;
				MTL_ENABLE_DEBUG_INFO = YES;
				ONLY_ACTIVE_ARCH = YES;
				SDKROOT = iphoneos;
				TARGETED_DEVICE_FAMILY = "1,2";
			};
			name = Debug;
		};
		4D941B9419FC35F2007FCB72 /* Release */ = {
			isa = XCBuildConfiguration;
			buildSettings = {
				ALWAYS_SEARCH_USER_PATHS = NO;
				CLANG_CXX_LANGUAGE_STANDARD = "gnu++0x";
				CLANG_CXX_LIBRARY = "libc++";
				CLANG_ENABLE_MODULES = YES;
				CLANG_ENABLE_OBJC_ARC = YES;
				CLANG_WARN_BOOL_CONVERSION = YES;
				CLANG_WARN_CONSTANT_CONVERSION = YES;
				CLANG_WARN_DIRECT_OBJC_ISA_USAGE = YES_ERROR;
				CLANG_WARN_EMPTY_BODY = YES;
				CLANG_WARN_ENUM_CONVERSION = YES;
				CLANG_WARN_INT_CONVERSION = YES;
				CLANG_WARN_OBJC_ROOT_CLASS = YES_ERROR;
				CLANG_WARN_UNREACHABLE_CODE = YES;
				CLANG_WARN__DUPLICATE_METHOD_MATCH = YES;
				"CODE_SIGN_IDENTITY[sdk=iphoneos*]" = "iPhone Developer";
				COPY_PHASE_STRIP = YES;
				ENABLE_NS_ASSERTIONS = NO;
				ENABLE_STRICT_OBJC_MSGSEND = YES;
				GCC_C_LANGUAGE_STANDARD = gnu99;
				GCC_WARN_64_TO_32_BIT_CONVERSION = YES;
				GCC_WARN_ABOUT_RETURN_TYPE = YES_ERROR;
				GCC_WARN_UNDECLARED_SELECTOR = YES;
				GCC_WARN_UNINITIALIZED_AUTOS = YES_AGGRESSIVE;
				GCC_WARN_UNUSED_FUNCTION = YES;
				GCC_WARN_UNUSED_VARIABLE = YES;
				IPHONEOS_DEPLOYMENT_TARGET = 8.0;
				MTL_ENABLE_DEBUG_INFO = NO;
				SDKROOT = iphoneos;
				TARGETED_DEVICE_FAMILY = "1,2";
				VALIDATE_PRODUCT = YES;
			};
			name = Release;
		};
		4D941B9619FC35F2007FCB72 /* Debug */ = {
			isa = XCBuildConfiguration;
			buildSettings = {
				ASSETCATALOG_COMPILER_APPICON_NAME = AppIcon;
				ASSETCATALOG_COMPILER_LAUNCHIMAGE_NAME = LaunchImage;
				FRAMEWORK_SEARCH_PATHS = (
					"$(inherited)",
					"$(PROJECT_DIR)",
				);
				INFOPLIST_FILE = PhillipFashionProject/Info.plist;
				LD_RUNPATH_SEARCH_PATHS = "$(inherited) @executable_path/Frameworks";
				OTHER_LDFLAGS = "";
				PRODUCT_NAME = Formwear;
			};
			name = Debug;
		};
		4D941B9719FC35F2007FCB72 /* Release */ = {
			isa = XCBuildConfiguration;
			buildSettings = {
				ASSETCATALOG_COMPILER_APPICON_NAME = AppIcon;
				ASSETCATALOG_COMPILER_LAUNCHIMAGE_NAME = LaunchImage;
				FRAMEWORK_SEARCH_PATHS = (
					"$(inherited)",
					"$(PROJECT_DIR)",
				);
				INFOPLIST_FILE = PhillipFashionProject/Info.plist;
				LD_RUNPATH_SEARCH_PATHS = "$(inherited) @executable_path/Frameworks";
				OTHER_LDFLAGS = "";
				PRODUCT_NAME = Formwear;
			};
			name = Release;
		};
		4D941B9919FC35F2007FCB72 /* Debug */ = {
			isa = XCBuildConfiguration;
			buildSettings = {
				BUNDLE_LOADER = "$(TEST_HOST)";
				FRAMEWORK_SEARCH_PATHS = (
					"$(SDKROOT)/Developer/Library/Frameworks",
					"$(inherited)",
				);
				GCC_PREPROCESSOR_DEFINITIONS = (
					"DEBUG=1",
					"$(inherited)",
				);
				INFOPLIST_FILE = PhillipFashionProjectTests/Info.plist;
				LD_RUNPATH_SEARCH_PATHS = "$(inherited) @executable_path/Frameworks @loader_path/Frameworks";
				PRODUCT_NAME = FormwearTests;
				TEST_HOST = "$(BUILT_PRODUCTS_DIR)/Formwear.app/Formwear";
			};
			name = Debug;
		};
		4D941B9A19FC35F2007FCB72 /* Release */ = {
			isa = XCBuildConfiguration;
			buildSettings = {
				BUNDLE_LOADER = "$(TEST_HOST)";
				FRAMEWORK_SEARCH_PATHS = (
					"$(SDKROOT)/Developer/Library/Frameworks",
					"$(inherited)",
				);
				INFOPLIST_FILE = PhillipFashionProjectTests/Info.plist;
				LD_RUNPATH_SEARCH_PATHS = "$(inherited) @executable_path/Frameworks @loader_path/Frameworks";
				PRODUCT_NAME = FormwearTests;
				TEST_HOST = "$(BUILT_PRODUCTS_DIR)/Formwear.app/Formwear";
			};
			name = Release;
		};
/* End XCBuildConfiguration section */

/* Begin XCConfigurationList section */
		4D941B6A19FC35F2007FCB72 /* Build configuration list for PBXProject "Formwear" */ = {
			isa = XCConfigurationList;
			buildConfigurations = (
				4D941B9319FC35F2007FCB72 /* Debug */,
				4D941B9419FC35F2007FCB72 /* Release */,
			);
			defaultConfigurationIsVisible = 0;
			defaultConfigurationName = Release;
		};
		4D941B9519FC35F2007FCB72 /* Build configuration list for PBXNativeTarget "Formwear" */ = {
			isa = XCConfigurationList;
			buildConfigurations = (
				4D941B9619FC35F2007FCB72 /* Debug */,
				4D941B9719FC35F2007FCB72 /* Release */,
			);
			defaultConfigurationIsVisible = 0;
			defaultConfigurationName = Release;
		};
		4D941B9819FC35F2007FCB72 /* Build configuration list for PBXNativeTarget "FormwearTests" */ = {
			isa = XCConfigurationList;
			buildConfigurations = (
				4D941B9919FC35F2007FCB72 /* Debug */,
				4D941B9A19FC35F2007FCB72 /* Release */,
			);
			defaultConfigurationIsVisible = 0;
			defaultConfigurationName = Release;
		};
/* End XCConfigurationList section */

/* Begin XCVersionGroup section */
		4D942E0B19FC95BC007FCB72 /* PhillipFashionProject.xcdatamodeld */ = {
			isa = XCVersionGroup;
			children = (
				4D942E0C19FC95BC007FCB72 /* PhillipFashionProject.xcdatamodel */,
			);
			currentVersion = 4D942E0C19FC95BC007FCB72 /* PhillipFashionProject.xcdatamodel */;
			name = PhillipFashionProject.xcdatamodeld;
			path = ../PhillipFashionProject/PhillipFashionProject.xcdatamodeld;
			sourceTree = "<group>";
			versionGroupType = wrapper.xcdatamodel;
		};
/* End XCVersionGroup section */
	};
	rootObject = 4D941B6719FC35F2007FCB72 /* Project object */;
}
